
Microsoft Visual Studio Solution File, Format Version 12.00
# Visual Studio Version 16
VisualStudioVersion = 16.0.30011.22
MinimumVisualStudioVersion = 10.0.40219.1
Project("{9A19103F-16F7-4668-BE54-9A1E7A4F7556}") = "WebApi", "WebApi\WebApi.csproj", "{303100C6-F98D-4581-AC6B-A30ED6736616}"
EndProject
Project("{9A19103F-16F7-4668-BE54-9A1E7A4F7556}") = "WebApi.Test.Integration", "WebApi.Test.Integration\WebApi.Test.Integration.csproj", "{C3B7489E-306B-4BD3-8723-9A8C5128912D}"
EndProject
Project("{9A19103F-16F7-4668-BE54-9A1E7A4F7556}") = "WebApi.Test.Unit", "WebApi.Test.Unit\WebApi.Test.Unit.csproj", "{292EF626-0AF8-4644-9B38-BAEE721C2B4C}"
EndProject
Project("{9A19103F-16F7-4668-BE54-9A1E7A4F7556}") = "TokenGenerator", "TokenGenerator\TokenGenerator.csproj", "{EDCF0C84-A071-4AAB-8D78-945052BEFB81}"
EndProject
Project("{FAE04EC0-301F-11D3-BF4B-00C04F79EFBC}") = "DataMigrator", "DataMigrator\DataMigrator.csproj", "{2F7F8E97-C1B0-4A1E-B74A-9AF6FD49A9BC}"
EndProject
Global
	GlobalSection(SolutionConfigurationPlatforms) = preSolution
		Debug|Any CPU = Debug|Any CPU
		Release|Any CPU = Release|Any CPU
	EndGlobalSection
	GlobalSection(ProjectConfigurationPlatforms) = postSolution
		{303100C6-F98D-4581-AC6B-A30ED6736616}.Debug|Any CPU.ActiveCfg = Debug|Any CPU
		{303100C6-F98D-4581-AC6B-A30ED6736616}.Debug|Any CPU.Build.0 = Debug|Any CPU
		{303100C6-F98D-4581-AC6B-A30ED6736616}.Release|Any CPU.ActiveCfg = Release|Any CPU
		{303100C6-F98D-4581-AC6B-A30ED6736616}.Release|Any CPU.Build.0 = Release|Any CPU
		{C3B7489E-306B-4BD3-8723-9A8C5128912D}.Debug|Any CPU.ActiveCfg = Debug|Any CPU
		{C3B7489E-306B-4BD3-8723-9A8C5128912D}.Debug|Any CPU.Build.0 = Debug|Any CPU
		{C3B7489E-306B-4BD3-8723-9A8C5128912D}.Release|Any CPU.ActiveCfg = Release|Any CPU
		{C3B7489E-306B-4BD3-8723-9A8C5128912D}.Release|Any CPU.Build.0 = Release|Any CPU
		{292EF626-0AF8-4644-9B38-BAEE721C2B4C}.Debug|Any CPU.ActiveCfg = Debug|Any CPU
		{292EF626-0AF8-4644-9B38-BAEE721C2B4C}.Debug|Any CPU.Build.0 = Debug|Any CPU
		{292EF626-0AF8-4644-9B38-BAEE721C2B4C}.Release|Any CPU.ActiveCfg = Release|Any CPU
		{292EF626-0AF8-4644-9B38-BAEE721C2B4C}.Release|Any CPU.Build.0 = Release|Any CPU
		{EDCF0C84-A071-4AAB-8D78-945052BEFB81}.Debug|Any CPU.ActiveCfg = Debug|Any CPU
		{EDCF0C84-A071-4AAB-8D78-945052BEFB81}.Debug|Any CPU.Build.0 = Debug|Any CPU
		{EDCF0C84-A071-4AAB-8D78-945052BEFB81}.Release|Any CPU.ActiveCfg = Release|Any CPU
		{EDCF0C84-A071-4AAB-8D78-945052BEFB81}.Release|Any CPU.Build.0 = Release|Any CPU
		{2F7F8E97-C1B0-4A1E-B74A-9AF6FD49A9BC}.Debug|Any CPU.ActiveCfg = Debug|Any CPU
		{2F7F8E97-C1B0-4A1E-B74A-9AF6FD49A9BC}.Debug|Any CPU.Build.0 = Debug|Any CPU
		{2F7F8E97-C1B0-4A1E-B74A-9AF6FD49A9BC}.Release|Any CPU.ActiveCfg = Release|Any CPU
		{2F7F8E97-C1B0-4A1E-B74A-9AF6FD49A9BC}.Release|Any CPU.Build.0 = Release|Any CPU
	EndGlobalSection
	GlobalSection(SolutionProperties) = preSolution
		HideSolutionNode = FALSE
	EndGlobalSection
	GlobalSection(ExtensibilityGlobals) = postSolution
		SolutionGuid = {5ECA4790-7BBF-42F9-BA50-FE5C880A9FD2}
	EndGlobalSection
EndGlobal
